{
  "name": "acktic",
  "version": "3.4.9726",
  "lockfileVersion": 2,
  "requires": true,
  "packages": {
    "": {
      "name": "acktic",
      "version": "3.4.9726",
      "license": "MIT",
      "dependencies": {
        "web": "^0.0.2"
      }
    },
    "node_modules/web": {
      "version": "0.0.2",
      "resolved": "https://registry.npmjs.org/web/-/web-0.0.2.tgz",
      "integrity": "sha1-2eInOHMG24xLI58PS65/wUtMEXo="
    }
  },
  "dependencies": {
    "web": {
      "version": "0.0.2",
      "resolved": "https://registry.npmjs.org/web/-/web-0.0.2.tgz",
      "integrity": "sha1-2eInOHMG24xLI58PS65/wUtMEXo="
    }
  }
}
